
Microsoft Visual Studio Solution File, Format Version 12.00
# Visual Studio Version 16
VisualStudioVersion = 16.0.29728.190
MinimumVisualStudioVersion = 10.0.40219.1
Project("{9A19103F-16F7-4668-BE54-9A1E7A4F7556}") = "R.Monitriip.HttpClient", "R.AnttClient\R.Monitriip.HttpClient.csproj", "{AD57E040-4794-4B11-B78B-E2DC0EA87B89}"
EndProject
Project("{9A19103F-16F7-4668-BE54-9A1E7A4F7556}") = "R.Monitriip.HttpClient.Tests", "R.Monitriip.HttpClient.Tests\R.Monitriip.HttpClient.Tests.csproj", "{52B36278-4ECA-400E-A131-C82E668C5E8B}"
EndProject
Project("{2150E333-8FDC-42A3-9474-1A3956D46DE8}") = "Solution Items", "Solution Items", "{28EF439A-D4B3-4A49-829B-F1239C4C8F68}"
	ProjectSection(SolutionItems) = preProject
		..\.gitignore = ..\.gitignore
		..\.travis.yml = ..\.travis.yml
		..\README.md = ..\README.md
	EndProjectSection
EndProject
Global
	GlobalSection(SolutionConfigurationPlatforms) = preSolution
		Debug|Any CPU = Debug|Any CPU
		Release|Any CPU = Release|Any CPU
	EndGlobalSection
	GlobalSection(ProjectConfigurationPlatforms) = postSolution
		{AD57E040-4794-4B11-B78B-E2DC0EA87B89}.Debug|Any CPU.ActiveCfg = Debug|Any CPU
		{AD57E040-4794-4B11-B78B-E2DC0EA87B89}.Debug|Any CPU.Build.0 = Debug|Any CPU
		{AD57E040-4794-4B11-B78B-E2DC0EA87B89}.Release|Any CPU.ActiveCfg = Release|Any CPU
		{AD57E040-4794-4B11-B78B-E2DC0EA87B89}.Release|Any CPU.Build.0 = Release|Any CPU
		{52B36278-4ECA-400E-A131-C82E668C5E8B}.Debug|Any CPU.ActiveCfg = Debug|Any CPU
		{52B36278-4ECA-400E-A131-C82E668C5E8B}.Debug|Any CPU.Build.0 = Debug|Any CPU
		{52B36278-4ECA-400E-A131-C82E668C5E8B}.Release|Any CPU.ActiveCfg = Release|Any CPU
		{52B36278-4ECA-400E-A131-C82E668C5E8B}.Release|Any CPU.Build.0 = Release|Any CPU
	EndGlobalSection
	GlobalSection(SolutionProperties) = preSolution
		HideSolutionNode = FALSE
	EndGlobalSection
	GlobalSection(ExtensibilityGlobals) = postSolution
		SolutionGuid = {3E0348BF-F2B9-48DC-AA59-8AECA70EF2A0}
	EndGlobalSection
EndGlobal
